
Microsoft Visual Studio Solution File, Format Version 12.00
# Visual Studio 15
VisualStudioVersion = 15.0.26730.12
MinimumVisualStudioVersion = 10.0.40219.1
Project("{FAE04EC0-301F-11D3-BF4B-00C04F79EFBC}") = "HapppyMRCSecond", "HapppyMRCSecond\HapppyMRCSecond.csproj", "{A0A36B39-98E7-42F0-8B63-34687716E017}"
EndProject
Project("{FAE04EC0-301F-11D3-BF4B-00C04F79EFBC}") = "HapppyMRCSecond.Tests", "HapppyMRCSecond.Tests\HapppyMRCSecond.Tests.csproj", "{728B31E9-E460-4F4F-93D8-1C672834D313}"
EndProject
Global
	GlobalSection(SolutionConfigurationPlatforms) = preSolution
		Debug|Any CPU = Debug|Any CPU
		Release|Any CPU = Release|Any CPU
	EndGlobalSection
	GlobalSection(ProjectConfigurationPlatforms) = postSolution
		{A0A36B39-98E7-42F0-8B63-34687716E017}.Debug|Any CPU.ActiveCfg = Debug|Any CPU
		{A0A36B39-98E7-42F0-8B63-34687716E017}.Debug|Any CPU.Build.0 = Debug|Any CPU
		{A0A36B39-98E7-42F0-8B63-34687716E017}.Release|Any CPU.ActiveCfg = Release|Any CPU
		{A0A36B39-98E7-42F0-8B63-34687716E017}.Release|Any CPU.Build.0 = Release|Any CPU
		{728B31E9-E460-4F4F-93D8-1C672834D313}.Debug|Any CPU.ActiveCfg = Debug|Any CPU
		{728B31E9-E460-4F4F-93D8-1C672834D313}.Debug|Any CPU.Build.0 = Debug|Any CPU
		{728B31E9-E460-4F4F-93D8-1C672834D313}.Release|Any CPU.ActiveCfg = Release|Any CPU
		{728B31E9-E460-4F4F-93D8-1C672834D313}.Release|Any CPU.Build.0 = Release|Any CPU
	EndGlobalSection
	GlobalSection(SolutionProperties) = preSolution
		HideSolutionNode = FALSE
	EndGlobalSection
	GlobalSection(ExtensibilityGlobals) = postSolution
		SolutionGuid = {CC749D06-2B63-4F1F-BFB1-BAFB001774AA}
	EndGlobalSection
EndGlobal
